
Microsoft Visual Studio Solution File, Format Version 12.00
# Visual Studio Version 17
VisualStudioVersion = 17.11.35312.102
MinimumVisualStudioVersion = 10.0.40219.1
Project("{FAE04EC0-301F-11D3-BF4B-00C04F79EFBC}") = "Tarea2_SyP_Cliente", "Tarea2_SyP_Cliente.csproj", "{2651D9F2-ED8E-4940-9C9E-889E4CFFDAB4}"
EndProject
Global
	GlobalSection(SolutionConfigurationPlatforms) = preSolution
		Debug|Any CPU = Debug|Any CPU
		Release|Any CPU = Release|Any CPU
	EndGlobalSection
	GlobalSection(ProjectConfigurationPlatforms) = postSolution
		{2651D9F2-ED8E-4940-9C9E-889E4CFFDAB4}.Debug|Any CPU.ActiveCfg = Debug|Any CPU
		{2651D9F2-ED8E-4940-9C9E-889E4CFFDAB4}.Debug|Any CPU.Build.0 = Debug|Any CPU
		{2651D9F2-ED8E-4940-9C9E-889E4CFFDAB4}.Release|Any CPU.ActiveCfg = Release|Any CPU
		{2651D9F2-ED8E-4940-9C9E-889E4CFFDAB4}.Release|Any CPU.Build.0 = Release|Any CPU
	EndGlobalSection
	GlobalSection(SolutionProperties) = preSolution
		HideSolutionNode = FALSE
	EndGlobalSection
	GlobalSection(ExtensibilityGlobals) = postSolution
		SolutionGuid = {63B662FF-3A47-425B-B3ED-BBBF16D4F30F}
	EndGlobalSection
EndGlobal
